// !$*UTF8*$!
{
	archiveVersion = 1;
	classes = {
	};
	objectVersion = 50;
	objects = {

/* Begin PBXBuildFile section */
		AC73ECB323180480006783C0 /* AppDelegate.swift in Sources */ = {isa = PBXBuildFile; fileRef = AC73ECB223180480006783C0 /* AppDelegate.swift */; };
		AC73ECB523180480006783C0 /* ViewController.swift in Sources */ = {isa = PBXBuildFile; fileRef = AC73ECB423180480006783C0 /* ViewController.swift */; };
		AC73ECB823180480006783C0 /* Main.storyboard in Resources */ = {isa = PBXBuildFile; fileRef = AC73ECB623180480006783C0 /* Main.storyboard */; };
		AC73ECBB23180480006783C0 /* TestTaskMegafon.xcdatamodeld in Sources */ = {isa = PBXBuildFile; fileRef = AC73ECB923180480006783C0 /* TestTaskMegafon.xcdatamodeld */; };
		AC73ECBD23180481006783C0 /* Assets.xcassets in Resources */ = {isa = PBXBuildFile; fileRef = AC73ECBC23180481006783C0 /* Assets.xcassets */; };
		AC73ECC023180481006783C0 /* LaunchScreen.storyboard in Resources */ = {isa = PBXBuildFile; fileRef = AC73ECBE23180481006783C0 /* LaunchScreen.storyboard */; };
/* End PBXBuildFile section */

/* Begin PBXFileReference section */
		AC73ECAF23180480006783C0 /* TestTaskMegafon.app */ = {isa = PBXFileReference; explicitFileType = wrapper.application; includeInIndex = 0; path = TestTaskMegafon.app; sourceTree = BUILT_PRODUCTS_DIR; };
		AC73ECB223180480006783C0 /* AppDelegate.swift */ = {isa = PBXFileReference; lastKnownFileType = sourcecode.swift; path = AppDelegate.swift; sourceTree = "<group>"; };
		AC73ECB423180480006783C0 /* ViewController.swift */ = {isa = PBXFileReference; lastKnownFileType = sourcecode.swift; path = ViewController.swift; sourceTree = "<group>"; };
		AC73ECB723180480006783C0 /* Base */ = {isa = PBXFileReference; lastKnownFileType = file.storyboard; name = Base; path = Base.lproj/Main.storyboard; sourceTree = "<group>"; };
		AC73ECBA23180480006783C0 /* TestTaskMegafon.xcdatamodel */ = {isa = PBXFileReference; lastKnownFileType = wrapper.xcdatamodel; path = TestTaskMegafon.xcdatamodel; sourceTree = "<group>"; };
		AC73ECBC23180481006783C0 /* Assets.xcassets */ = {isa = PBXFileReference; lastKnownFileType = folder.assetcatalog; path = Assets.xcassets; sourceTree = "<group>"; };
		AC73ECBF23180481006783C0 /* Base */ = {isa = PBXFileReference; lastKnownFileType = file.storyboard; name = Base; path = Base.lproj/LaunchScreen.storyboard; sourceTree = "<group>"; };
		AC73ECC123180481006783C0 /* Info.plist */ = {isa = PBXFileReference; lastKnownFileType = text.plist.xml; path = Info.plist; sourceTree = "<group>"; };
/* End PBXFileReference section */

/* Begin PBXFrameworksBuildPhase section */
		AC73ECAC23180480006783C0 /* Frameworks */ = {
			isa = PBXFrameworksBuildPhase;
			buildActionMask = 2147483647;
			files = (
			);
			runOnlyForDeploymentPostprocessing = 0;
		};
/* End PBXFrameworksBuildPhase section */

/* Begin PBXGroup section */
		AC73ECA623180480006783C0 = {
			isa = PBXGroup;
			children = (
				AC73ECB123180480006783C0 /* TestTaskMegafon */,
				AC73ECB023180480006783C0 /* Products */,
			);
			sourceTree = "<group>";
		};
		AC73ECB023180480006783C0 /* Products */ = {
			isa = PBXGroup;
			children = (
				AC73ECAF23180480006783C0 /* TestTaskMegafon.app */,
			);
			name = Products;
			sourceTree = "<group>";
		};
		AC73ECB123180480006783C0 /* TestTaskMegafon */ = {
			isa = PBXGroup;
			children = (
				AC73ECB223180480006783C0 /* AppDelegate.swift */,
				AC73ECB423180480006783C0 /* ViewController.swift */,
				AC73ECB623180480006783C0 /* Main.storyboard */,
				AC73ECBC23180481006783C0 /* Assets.xcassets */,
				AC73ECBE23180481006783C0 /* LaunchScreen.storyboard */,
				AC73ECC123180481006783C0 /* Info.plist */,
				AC73ECB923180480006783C0 /* TestTaskMegafon.xcdatamodeld */,
			);
			path = TestTaskMegafon;
			sourceTree = "<group>";
		};
/* End PBXGroup section */

/* Begin PBXNativeTarget section */
		AC73ECAE23180480006783C0 /* TestTaskMegafon */ = {
			isa = PBXNativeTarget;
			buildConfigurationList = AC73ECC423180481006783C0 /* Build configuration list for PBXNativeTarget "TestTaskMegafon" */;
			buildPhases = (
				AC73ECAB23180480006783C0 /* Sources */,
				AC73ECAC23180480006783C0 /* Frameworks */,
				AC73ECAD23180480006783C0 /* Resources */,
			);
			buildRules = (
			);
			dependencies = (
			);
			name = TestTaskMegafon;
			productName = TestTaskMegafon;
			productReference = AC73ECAF23180480006783C0 /* TestTaskMegafon.app */;
			productType = "com.apple.product-type.application";
		};
/* End PBXNativeTarget section */

/* Begin PBXProject section */
		AC73ECA723180480006783C0 /* Project object */ = {
			isa = PBXProject;
			attributes = {
				LastSwiftUpdateCheck = 1030;
				LastUpgradeCheck = 1030;
				ORGANIZATIONNAME = "Ацамаз Бицоев";
				TargetAttributes = {
					AC73ECAE23180480006783C0 = {
						CreatedOnToolsVersion = 10.3;
					};
				};
			};
			buildConfigurationList = AC73ECAA23180480006783C0 /* Build configuration list for PBXProject "TestTaskMegafon" */;
			compatibilityVersion = "Xcode 9.3";
			developmentRegion = en;
			hasScannedForEncodings = 0;
			knownRegions = (
				en,
				Base,
			);
			mainGroup = AC73ECA623180480006783C0;
			productRefGroup = AC73ECB023180480006783C0 /* Products */;
			projectDirPath = "";
			projectRoot = "";
			targets = (
				AC73ECAE23180480006783C0 /* TestTaskMegafon */,
			);
		};
/* End PBXProject section */

/* Begin PBXResourcesBuildPhase section */
		AC73ECAD23180480006783C0 /* Resources */ = {
			isa = PBXResourcesBuildPhase;
			buildActionMask = 2147483647;
			files = (
				AC73ECC023180481006783C0 /* LaunchScreen.storyboard in Resources */,
				AC73ECBD23180481006783C0 /* Assets.xcassets in Resources */,
				AC73ECB823180480006783C0 /* Main.storyboard in Resources */,
			);
			runOnlyForDeploymentPostprocessing = 0;
		};
/* End PBXResourcesBuildPhase section */

/* Begin PBXSourcesBuildPhase section */
		AC73ECAB23180480006783C0 /* Sources */ = {
			isa = PBXSourcesBuildPhase;
			buildActionMask = 2147483647;
			files = (
				AC73ECBB23180480006783C0 /* TestTaskMegafon.xcdatamodeld in Sources */,
				AC73ECB523180480006783C0 /* ViewController.swift in Sources */,
				AC73ECB323180480006783C0 /* AppDelegate.swift in Sources */,
			);
			runOnlyForDeploymentPostprocessing = 0;
		};
/* End PBXSourcesBuildPhase section */

/* Begin PBXVariantGroup section */
		AC73ECB623180480006783C0 /* Main.storyboard */ = {
			isa = PBXVariantGroup;
			children = (
				AC73ECB723180480006783C0 /* Base */,
			);
			name = Main.storyboard;
			sourceTree = "<group>";
		};
		AC73ECBE23180481006783C0 /* LaunchScreen.storyboard */ = {
			isa = PBXVariantGroup;
			children = (
				AC73ECBF23180481006783C0 /* Base */,
			);
			name = LaunchScreen.storyboard;
			sourceTree = "<group>";
		};
/* End PBXVariantGroup section */

/* Begin XCBuildConfiguration section */
		AC73ECC223180481006783C0 /* Debug */ = {
			isa = XCBuildConfiguration;
			buildSettings = {
				ALWAYS_SEARCH_USER_PATHS = NO;
				CLANG_ANALYZER_NONNULL = YES;
				CLANG_ANALYZER_NUMBER_OBJECT_CONVERSION = YES_AGGRESSIVE;
				CLANG_CXX_LANGUAGE_STANDARD = "gnu++14";
				CLANG_CXX_LIBRARY = "libc++";
				CLANG_ENABLE_MODULES = YES;
				CLANG_ENABLE_OBJC_ARC = YES;
				CLANG_ENABLE_OBJC_WEAK = YES;
				CLANG_WARN_BLOCK_CAPTURE_AUTORELEASING = YES;
				CLANG_WARN_BOOL_CONVERSION = YES;
				CLANG_WARN_COMMA = YES;
				CLANG_WARN_CONSTANT_CONVERSION = YES;
				CLANG_WARN_DEPRECATED_OBJC_IMPLEMENTATIONS = YES;
				CLANG_WARN_DIRECT_OBJC_ISA_USAGE = YES_ERROR;
				CLANG_WARN_DOCUMENTATION_COMMENTS = YES;
				CLANG_WARN_EMPTY_BODY = YES;
				CLANG_WARN_ENUM_CONVERSION = YES;
				CLANG_WARN_INFINITE_RECURSION = YES;
				CLANG_WARN_INT_CONVERSION = YES;
				CLANG_WARN_NON_LITERAL_NULL_CONVERSION = YES;
				CLANG_WARN_OBJC_IMPLICIT_RETAIN_SELF = YES;
				CLANG_WARN_OBJC_LITERAL_CONVERSION = YES;
				CLANG_WARN_OBJC_ROOT_CLASS = YES_ERROR;
				CLANG_WARN_RANGE_LOOP_ANALYSIS = YES;
				CLANG_WARN_STRICT_PROTOTYPES = YES;
				CLANG_WARN_SUSPICIOUS_MOVE = YES;
				CLANG_WARN_UNGUARDED_AVAILABILITY = YES_AGGRESSIVE;
				CLANG_WARN_UNREACHABLE_CODE = YES;
				CLANG_WARN__DUPLICATE_METHOD_MATCH = YES;
				CODE_SIGN_IDENTITY = "iPhone Developer";
				COPY_PHASE_STRIP = NO;
				DEBUG_INFORMATION_FORMAT = dwarf;
				ENABLE_STRICT_OBJC_MSGSEND = YES;
				ENABLE_TESTABILITY = YES;
				GCC_C_LANGUAGE_STANDARD = gnu11;
				GCC_DYNAMIC_NO_PIC = NO;
				GCC_NO_COMMON_BLOCKS = YES;
				GCC_OPTIMIZATION_LEVEL = 0;
				GCC_PREPROCESSOR_DEFINITIONS = (
					"DEBUG=1",
					"$(inherited)",
				);
				GCC_WARN_64_TO_32_BIT_CONVERSION = YES;
				GCC_WARN_ABOUT_RETURN_TYPE = YES_ERROR;
				GCC_WARN_UNDECLARED_SELECTOR = YES;
				GCC_WARN_UNINITIALIZED_AUTOS = YES_AGGRESSIVE;
				GCC_WARN_UNUSED_FUNCTION = YES;
				GCC_WARN_UNUSED_VARIABLE = YES;
				IPHONEOS_DEPLOYMENT_TARGET = 12.4;
				MTL_ENABLE_DEBUG_INFO = INCLUDE_SOURCE;
				MTL_FAST_MATH = YES;
				ONLY_ACTIVE_ARCH = YES;
				SDKROOT = iphoneos;
				SWIFT_ACTIVE_COMPILATION_CONDITIONS = DEBUG;
				SWIFT_OPTIMIZATION_LEVEL = "-Onone";
			};
			name = Debug;
		};
		AC73ECC323180481006783C0 /* Release */ = {
			isa = XCBuildConfiguration;
			buildSettings = {
				ALWAYS_SEARCH_USER_PATHS = NO;
				CLANG_ANALYZER_NONNULL = YES;
				CLANG_ANALYZER_NUMBER_OBJECT_CONVERSION = YES_AGGRESSIVE;
				CLANG_CXX_LANGUAGE_STANDARD = "gnu++14";
				CLANG_CXX_LIBRARY = "libc++";
				CLANG_ENABLE_MODULES = YES;
				CLANG_ENABLE_OBJC_ARC = YES;
				CLANG_ENABLE_OBJC_WEAK = YES;
				CLANG_WARN_BLOCK_CAPTURE_AUTORELEASING = YES;
				CLANG_WARN_BOOL_CONVERSION = YES;
				CLANG_WARN_COMMA = YES;
				CLANG_WARN_CONSTANT_CONVERSION = YES;
				CLANG_WARN_DEPRECATED_OBJC_IMPLEMENTATIONS = YES;
				CLANG_WARN_DIRECT_OBJC_ISA_USAGE = YES_ERROR;
				CLANG_WARN_DOCUMENTATION_COMMENTS = YES;
				CLANG_WARN_EMPTY_BODY = YES;
				CLANG_WARN_ENUM_CONVERSION = YES;
				CLANG_WARN_INFINITE_RECURSION = YES;
				CLANG_WARN_INT_CONVERSION = YES;
				CLANG_WARN_NON_LITERAL_NULL_CONVERSION = YES;
				CLANG_WARN_OBJC_IMPLICIT_RETAIN_SELF = YES;
				CLANG_WARN_OBJC_LITERAL_CONVERSION = YES;
				CLANG_WARN_OBJC_ROOT_CLASS = YES_ERROR;
				CLANG_WARN_RANGE_LOOP_ANALYSIS = YES;
				CLANG_WARN_STRICT_PROTOTYPES = YES;
				CLANG_WARN_SUSPICIOUS_MOVE = YES;
				CLANG_WARN_UNGUARDED_AVAILABILITY = YES_AGGRESSIVE;
				CLANG_WARN_UNREACHABLE_CODE = YES;
				CLANG_WARN__DUPLICATE_METHOD_MATCH = YES;
				CODE_SIGN_IDENTITY = "iPhone Developer";
				COPY_PHASE_STRIP = NO;
				DEBUG_INFORMATION_FORMAT = "dwarf-with-dsym";
				ENABLE_NS_ASSERTIONS = NO;
				ENABLE_STRICT_OBJC_MSGSEND = YES;
				GCC_C_LANGUAGE_STANDARD = gnu11;
				GCC_NO_COMMON_BLOCKS = YES;
				GCC_WARN_64_TO_32_BIT_CONVERSION = YES;
				GCC_WARN_ABOUT_RETURN_TYPE = YES_ERROR;
				GCC_WARN_UNDECLARED_SELECTOR = YES;
				GCC_WARN_UNINITIALIZED_AUTOS = YES_AGGRESSIVE;
				GCC_WARN_UNUSED_FUNCTION = YES;
				GCC_WARN_UNUSED_VARIABLE = YES;
				IPHONEOS_DEPLOYMENT_TARGET = 12.4;
				MTL_ENABLE_DEBUG_INFO = NO;
				MTL_FAST_MATH = YES;
				SDKROOT = iphoneos;
				SWIFT_COMPILATION_MODE = wholemodule;
				SWIFT_OPTIMIZATION_LEVEL = "-O";
				VALIDATE_PRODUCT = YES;
			};
			name = Release;
		};
		AC73ECC523180481006783C0 /* Debug */ = {
			isa = XCBuildConfiguration;
			buildSettings = {
				ASSETCATALOG_COMPILER_APPICON_NAME = AppIcon;
				CODE_SIGN_STYLE = Automatic;
				DEVELOPMENT_TEAM = 89WB9E7UEU;
				INFOPLIST_FILE = TestTaskMegafon/Info.plist;
				LD_RUNPATH_SEARCH_PATHS = (
					"$(inherited)",
					"@executable_path/Frameworks",
				);
				PRODUCT_BUNDLE_IDENTIFIER = a.s.bitsoev.TestTaskMegafon;
				PRODUCT_NAME = "$(TARGET_NAME)";
				SWIFT_VERSION = 5.0;
				TARGETED_DEVICE_FAMILY = "1,2";
			};
			name = Debug;
		};
		AC73ECC623180481006783C0 /* Release */ = {
			isa = XCBuildConfiguration;
			buildSettings = {
				ASSETCATALOG_COMPILER_APPICON_NAME = AppIcon;
				CODE_SIGN_STYLE = Automatic;
				DEVELOPMENT_TEAM = 89WB9E7UEU;
				INFOPLIST_FILE = TestTaskMegafon/Info.plist;
				LD_RUNPATH_SEARCH_PATHS = (
					"$(inherited)",
					"@executable_path/Frameworks",
				);
				PRODUCT_BUNDLE_IDENTIFIER = a.s.bitsoev.TestTaskMegafon;
				PRODUCT_NAME = "$(TARGET_NAME)";
				SWIFT_VERSION = 5.0;
				TARGETED_DEVICE_FAMILY = "1,2";
			};
			name = Release;
		};
/* End XCBuildConfiguration section */

/* Begin XCConfigurationList section */
		AC73ECAA23180480006783C0 /* Build configuration list for PBXProject "TestTaskMegafon" */ = {
			isa = XCConfigurationList;
			buildConfigurations = (
				AC73ECC223180481006783C0 /* Debug */,
				AC73ECC323180481006783C0 /* Release */,
			);
			defaultConfigurationIsVisible = 0;
			defaultConfigurationName = Release;
		};
		AC73ECC423180481006783C0 /* Build configuration list for PBXNativeTarget "TestTaskMegafon" */ = {
			isa = XCConfigurationList;
			buildConfigurations = (
				AC73ECC523180481006783C0 /* Debug */,
				AC73ECC623180481006783C0 /* Release */,
			);
			defaultConfigurationIsVisible = 0;
			defaultConfigurationName = Release;
		};
/* End XCConfigurationList section */

/* Begin XCVersionGroup section */
		AC73ECB923180480006783C0 /* TestTaskMegafon.xcdatamodeld */ = {
			isa = XCVersionGroup;
			children = (
				AC73ECBA23180480006783C0 /* TestTaskMegafon.xcdatamodel */,
			);
			currentVersion = AC73ECBA23180480006783C0 /* TestTaskMegafon.xcdatamodel */;
			path = TestTaskMegafon.xcdatamodeld;
			sourceTree = "<group>";
			versionGroupType = wrapper.xcdatamodel;
		};
/* End XCVersionGroup section */
	};
	rootObject = AC73ECA723180480006783C0 /* Project object */;
}
